
Microsoft Visual Studio Solution File, Format Version 12.00
# Visual Studio 15
VisualStudioVersion = 15.0.27004.2009
MinimumVisualStudioVersion = 10.0.40219.1
Project("{FAE04EC0-301F-11D3-BF4B-00C04F79EFBC}") = "FarmMartUI", "FarmMartUI\FarmMartUI.csproj", "{552D4599-DB9C-40C9-8433-1ACBA0E89582}"
EndProject
Project("{FAE04EC0-301F-11D3-BF4B-00C04F79EFBC}") = "FarmMartDAL", "FarmMartDAL\FarmMartDAL.csproj", "{D56CF2C7-9B5B-4FB2-859C-F6F611D6C9B2}"
EndProject
Project("{FAE04EC0-301F-11D3-BF4B-00C04F79EFBC}") = "FarmMartBLL", "FarmMartBLL\FarmMartBLL.csproj", "{4AB1E287-093D-4417-87FA-710DB156D7E5}"
EndProject
Global
	GlobalSection(SolutionConfigurationPlatforms) = preSolution
		Debug|Any CPU = Debug|Any CPU
		Release|Any CPU = Release|Any CPU
	EndGlobalSection
	GlobalSection(ProjectConfigurationPlatforms) = postSolution
		{552D4599-DB9C-40C9-8433-1ACBA0E89582}.Debug|Any CPU.ActiveCfg = Debug|Any CPU
		{552D4599-DB9C-40C9-8433-1ACBA0E89582}.Debug|Any CPU.Build.0 = Debug|Any CPU
		{552D4599-DB9C-40C9-8433-1ACBA0E89582}.Release|Any CPU.ActiveCfg = Release|Any CPU
		{552D4599-DB9C-40C9-8433-1ACBA0E89582}.Release|Any CPU.Build.0 = Release|Any CPU
		{D56CF2C7-9B5B-4FB2-859C-F6F611D6C9B2}.Debug|Any CPU.ActiveCfg = Debug|Any CPU
		{D56CF2C7-9B5B-4FB2-859C-F6F611D6C9B2}.Debug|Any CPU.Build.0 = Debug|Any CPU
		{D56CF2C7-9B5B-4FB2-859C-F6F611D6C9B2}.Release|Any CPU.ActiveCfg = Release|Any CPU
		{D56CF2C7-9B5B-4FB2-859C-F6F611D6C9B2}.Release|Any CPU.Build.0 = Release|Any CPU
		{4AB1E287-093D-4417-87FA-710DB156D7E5}.Debug|Any CPU.ActiveCfg = Debug|Any CPU
		{4AB1E287-093D-4417-87FA-710DB156D7E5}.Debug|Any CPU.Build.0 = Debug|Any CPU
		{4AB1E287-093D-4417-87FA-710DB156D7E5}.Release|Any CPU.ActiveCfg = Release|Any CPU
		{4AB1E287-093D-4417-87FA-710DB156D7E5}.Release|Any CPU.Build.0 = Release|Any CPU
	EndGlobalSection
	GlobalSection(SolutionProperties) = preSolution
		HideSolutionNode = FALSE
	EndGlobalSection
	GlobalSection(ExtensibilityGlobals) = postSolution
		SolutionGuid = {6E435278-037E-4B6E-A46A-01A836D0E549}
	EndGlobalSection
EndGlobal
